
Microsoft Visual Studio Solution File, Format Version 12.00
# Visual Studio 14
VisualStudioVersion = 14.0.25420.1
MinimumVisualStudioVersion = 10.0.40219.1
Project("{FAE04EC0-301F-11D3-BF4B-00C04F79EFBC}") = "CEO.Presentacion", "CEO.Presentacion\CEO.Presentacion.csproj", "{50D16C60-9939-4F81-8423-7A4EB65CF41C}"
EndProject
Project("{2150E333-8FDC-42A3-9474-1A3956D46DE8}") = "1.Presentacion", "1.Presentacion", "{922FAA17-79B4-4E5E-8F1A-6FF5F03E7137}"
EndProject
Project("{2150E333-8FDC-42A3-9474-1A3956D46DE8}") = "2.1EntidadesDominio", "2.1EntidadesDominio", "{F73F7B62-29A9-46B4-85CB-44C256381741}"
EndProject
Project("{FAE04EC0-301F-11D3-BF4B-00C04F79EFBC}") = "CEO.EntidadesDominio", "CEO.EntidadesDominio\CEO.EntidadesDominio.csproj", "{A0BC48C7-0DCC-4213-BA78-FFDBA3E26490}"
EndProject
Project("{2150E333-8FDC-42A3-9474-1A3956D46DE8}") = "2.LogicaNegocio", "2.LogicaNegocio", "{F0FC3859-0083-4878-A533-16EC75CF4261}"
EndProject
Project("{FAE04EC0-301F-11D3-BF4B-00C04F79EFBC}") = "CEO.IRepositorio", "CEO.IRepositorio\CEO.IRepositorio.csproj", "{41F7BF7A-3E5B-4007-887A-2416336A4972}"
EndProject
Project("{FAE04EC0-301F-11D3-BF4B-00C04F79EFBC}") = "CEO.IServicio", "CEO.IServicio\CEO.IServicio.csproj", "{303C82D7-57EF-4AB2-8F1B-14D878EACD19}"
EndProject
Project("{FAE04EC0-301F-11D3-BF4B-00C04F79EFBC}") = "CEO.Servicio", "CEO.Servicio\CEO.Servicio.csproj", "{E434A86D-9F4F-4162-8DA5-81AB9B7FA407}"
EndProject
Project("{2150E333-8FDC-42A3-9474-1A3956D46DE8}") = "3.PersistenciaDatos", "3.PersistenciaDatos", "{7A15B646-995A-478E-A5B7-CB325C7CC96D}"
EndProject
Project("{FAE04EC0-301F-11D3-BF4B-00C04F79EFBC}") = "CEO.AccesoDatos", "CEO.AccesoDatos\CEO.AccesoDatos.csproj", "{8E374EF1-D856-4581-93CA-76AD0FF64C74}"
EndProject
Project("{FAE04EC0-301F-11D3-BF4B-00C04F79EFBC}") = "CEO.Repositorio", "CEO.Repositorio\CEO.Repositorio.csproj", "{BF6DB751-5964-4DCD-A876-67A7E2AC3256}"
EndProject
Project("{FAE04EC0-301F-11D3-BF4B-00C04F79EFBC}") = "CEO.ModeloDatos", "CEO.ModeloDatos\CEO.ModeloDatos.csproj", "{6FC4E251-07BD-41A5-84AE-C97496DB259E}"
EndProject
Project("{FAE04EC0-301F-11D3-BF4B-00C04F79EFBC}") = "CEO.AgenteServicios", "CEO.AgenteServicios\CEO.AgenteServicios.csproj", "{73F596C9-8813-476A-B9A7-114921C84024}"
EndProject
Project("{2150E333-8FDC-42A3-9474-1A3956D46DE8}") = "4.Seguridad", "4.Seguridad", "{F7145F3A-5B6B-493D-A518-4840F51C3917}"
EndProject
Project("{FAE04EC0-301F-11D3-BF4B-00C04F79EFBC}") = "CEO.Seguridad", "CEO.Seguridad\CEO.Seguridad.csproj", "{C98CF853-DCE3-4329-8FFB-CB9D85D10D09}"
EndProject
Project("{2150E333-8FDC-42A3-9474-1A3956D46DE8}") = "5.OperacionesComunes", "5.OperacionesComunes", "{560F0446-E791-41B5-9236-68DE08721C7E}"
EndProject
Project("{2150E333-8FDC-42A3-9474-1A3956D46DE8}") = "6.ControlExcepciones", "6.ControlExcepciones", "{8482E63C-A23E-48F9-BCEF-407E0A72C525}"
EndProject
Project("{FAE04EC0-301F-11D3-BF4B-00C04F79EFBC}") = "CEO.Excepciones", "CEO.Excepciones\CEO.Excepciones.csproj", "{BC6196E1-4CF0-4F53-A462-F806B1A111FD}"
EndProject
Project("{FAE04EC0-301F-11D3-BF4B-00C04F79EFBC}") = "CEO.LoggingInterface", "CEO.LoggingInterface\CEO.LoggingInterface.csproj", "{BC79C10C-D257-4050-9434-542607E06C12}"
EndProject
Global
	GlobalSection(SolutionConfigurationPlatforms) = preSolution
		Debug|Any CPU = Debug|Any CPU
		Release|Any CPU = Release|Any CPU
	EndGlobalSection
	GlobalSection(ProjectConfigurationPlatforms) = postSolution
		{50D16C60-9939-4F81-8423-7A4EB65CF41C}.Debug|Any CPU.ActiveCfg = Debug|Any CPU
		{50D16C60-9939-4F81-8423-7A4EB65CF41C}.Debug|Any CPU.Build.0 = Debug|Any CPU
		{50D16C60-9939-4F81-8423-7A4EB65CF41C}.Release|Any CPU.ActiveCfg = Release|Any CPU
		{50D16C60-9939-4F81-8423-7A4EB65CF41C}.Release|Any CPU.Build.0 = Release|Any CPU
		{A0BC48C7-0DCC-4213-BA78-FFDBA3E26490}.Debug|Any CPU.ActiveCfg = Debug|Any CPU
		{A0BC48C7-0DCC-4213-BA78-FFDBA3E26490}.Debug|Any CPU.Build.0 = Debug|Any CPU
		{A0BC48C7-0DCC-4213-BA78-FFDBA3E26490}.Release|Any CPU.ActiveCfg = Release|Any CPU
		{A0BC48C7-0DCC-4213-BA78-FFDBA3E26490}.Release|Any CPU.Build.0 = Release|Any CPU
		{41F7BF7A-3E5B-4007-887A-2416336A4972}.Debug|Any CPU.ActiveCfg = Debug|Any CPU
		{41F7BF7A-3E5B-4007-887A-2416336A4972}.Debug|Any CPU.Build.0 = Debug|Any CPU
		{41F7BF7A-3E5B-4007-887A-2416336A4972}.Release|Any CPU.ActiveCfg = Release|Any CPU
		{41F7BF7A-3E5B-4007-887A-2416336A4972}.Release|Any CPU.Build.0 = Release|Any CPU
		{303C82D7-57EF-4AB2-8F1B-14D878EACD19}.Debug|Any CPU.ActiveCfg = Debug|Any CPU
		{303C82D7-57EF-4AB2-8F1B-14D878EACD19}.Debug|Any CPU.Build.0 = Debug|Any CPU
		{303C82D7-57EF-4AB2-8F1B-14D878EACD19}.Release|Any CPU.ActiveCfg = Release|Any CPU
		{303C82D7-57EF-4AB2-8F1B-14D878EACD19}.Release|Any CPU.Build.0 = Release|Any CPU
		{E434A86D-9F4F-4162-8DA5-81AB9B7FA407}.Debug|Any CPU.ActiveCfg = Debug|Any CPU
		{E434A86D-9F4F-4162-8DA5-81AB9B7FA407}.Debug|Any CPU.Build.0 = Debug|Any CPU
		{E434A86D-9F4F-4162-8DA5-81AB9B7FA407}.Release|Any CPU.ActiveCfg = Release|Any CPU
		{E434A86D-9F4F-4162-8DA5-81AB9B7FA407}.Release|Any CPU.Build.0 = Release|Any CPU
		{8E374EF1-D856-4581-93CA-76AD0FF64C74}.Debug|Any CPU.ActiveCfg = Debug|Any CPU
		{8E374EF1-D856-4581-93CA-76AD0FF64C74}.Debug|Any CPU.Build.0 = Debug|Any CPU
		{8E374EF1-D856-4581-93CA-76AD0FF64C74}.Release|Any CPU.ActiveCfg = Release|Any CPU
		{8E374EF1-D856-4581-93CA-76AD0FF64C74}.Release|Any CPU.Build.0 = Release|Any CPU
		{BF6DB751-5964-4DCD-A876-67A7E2AC3256}.Debug|Any CPU.ActiveCfg = Debug|Any CPU
		{BF6DB751-5964-4DCD-A876-67A7E2AC3256}.Debug|Any CPU.Build.0 = Debug|Any CPU
		{BF6DB751-5964-4DCD-A876-67A7E2AC3256}.Release|Any CPU.ActiveCfg = Release|Any CPU
		{BF6DB751-5964-4DCD-A876-67A7E2AC3256}.Release|Any CPU.Build.0 = Release|Any CPU
		{6FC4E251-07BD-41A5-84AE-C97496DB259E}.Debug|Any CPU.ActiveCfg = Debug|Any CPU
		{6FC4E251-07BD-41A5-84AE-C97496DB259E}.Debug|Any CPU.Build.0 = Debug|Any CPU
		{6FC4E251-07BD-41A5-84AE-C97496DB259E}.Release|Any CPU.ActiveCfg = Release|Any CPU
		{6FC4E251-07BD-41A5-84AE-C97496DB259E}.Release|Any CPU.Build.0 = Release|Any CPU
		{73F596C9-8813-476A-B9A7-114921C84024}.Debug|Any CPU.ActiveCfg = Debug|Any CPU
		{73F596C9-8813-476A-B9A7-114921C84024}.Debug|Any CPU.Build.0 = Debug|Any CPU
		{73F596C9-8813-476A-B9A7-114921C84024}.Release|Any CPU.ActiveCfg = Release|Any CPU
		{73F596C9-8813-476A-B9A7-114921C84024}.Release|Any CPU.Build.0 = Release|Any CPU
		{C98CF853-DCE3-4329-8FFB-CB9D85D10D09}.Debug|Any CPU.ActiveCfg = Debug|Any CPU
		{C98CF853-DCE3-4329-8FFB-CB9D85D10D09}.Debug|Any CPU.Build.0 = Debug|Any CPU
		{C98CF853-DCE3-4329-8FFB-CB9D85D10D09}.Release|Any CPU.ActiveCfg = Release|Any CPU
		{C98CF853-DCE3-4329-8FFB-CB9D85D10D09}.Release|Any CPU.Build.0 = Release|Any CPU
		{BC6196E1-4CF0-4F53-A462-F806B1A111FD}.Debug|Any CPU.ActiveCfg = Debug|Any CPU
		{BC6196E1-4CF0-4F53-A462-F806B1A111FD}.Debug|Any CPU.Build.0 = Debug|Any CPU
		{BC6196E1-4CF0-4F53-A462-F806B1A111FD}.Release|Any CPU.ActiveCfg = Release|Any CPU
		{BC6196E1-4CF0-4F53-A462-F806B1A111FD}.Release|Any CPU.Build.0 = Release|Any CPU
		{BC79C10C-D257-4050-9434-542607E06C12}.Debug|Any CPU.ActiveCfg = Debug|Any CPU
		{BC79C10C-D257-4050-9434-542607E06C12}.Debug|Any CPU.Build.0 = Debug|Any CPU
		{BC79C10C-D257-4050-9434-542607E06C12}.Release|Any CPU.ActiveCfg = Release|Any CPU
		{BC79C10C-D257-4050-9434-542607E06C12}.Release|Any CPU.Build.0 = Release|Any CPU
	EndGlobalSection
	GlobalSection(SolutionProperties) = preSolution
		HideSolutionNode = FALSE
	EndGlobalSection
	GlobalSection(NestedProjects) = preSolution
		{50D16C60-9939-4F81-8423-7A4EB65CF41C} = {922FAA17-79B4-4E5E-8F1A-6FF5F03E7137}
		{A0BC48C7-0DCC-4213-BA78-FFDBA3E26490} = {F73F7B62-29A9-46B4-85CB-44C256381741}
		{41F7BF7A-3E5B-4007-887A-2416336A4972} = {F0FC3859-0083-4878-A533-16EC75CF4261}
		{303C82D7-57EF-4AB2-8F1B-14D878EACD19} = {F0FC3859-0083-4878-A533-16EC75CF4261}
		{E434A86D-9F4F-4162-8DA5-81AB9B7FA407} = {F0FC3859-0083-4878-A533-16EC75CF4261}
		{8E374EF1-D856-4581-93CA-76AD0FF64C74} = {7A15B646-995A-478E-A5B7-CB325C7CC96D}
		{BF6DB751-5964-4DCD-A876-67A7E2AC3256} = {7A15B646-995A-478E-A5B7-CB325C7CC96D}
		{6FC4E251-07BD-41A5-84AE-C97496DB259E} = {7A15B646-995A-478E-A5B7-CB325C7CC96D}
		{73F596C9-8813-476A-B9A7-114921C84024} = {7A15B646-995A-478E-A5B7-CB325C7CC96D}
		{C98CF853-DCE3-4329-8FFB-CB9D85D10D09} = {F7145F3A-5B6B-493D-A518-4840F51C3917}
		{BC6196E1-4CF0-4F53-A462-F806B1A111FD} = {8482E63C-A23E-48F9-BCEF-407E0A72C525}
		{BC79C10C-D257-4050-9434-542607E06C12} = {8482E63C-A23E-48F9-BCEF-407E0A72C525}
	EndGlobalSection
EndGlobal
